
Microsoft Visual Studio Solution File, Format Version 12.00
# Visual Studio 14
VisualStudioVersion = 14.0.24720.0
MinimumVisualStudioVersion = 10.0.40219.1
Project("{FAE04EC0-301F-11D3-BF4B-00C04F79EFBC}") = "MVVMC", "MVVMC\MVVMC.csproj", "{DCA1956E-025A-49C9-B6B2-47D1240FE0A0}"
EndProject
Project("{FAE04EC0-301F-11D3-BF4B-00C04F79EFBC}") = "MainApp", "MainApp\MainApp.csproj", "{BA2D0A4B-B970-4D39-A571-EBDC1570209D}"
EndProject
Global
	GlobalSection(SolutionConfigurationPlatforms) = preSolution
		Debug|Any CPU = Debug|Any CPU
		Release|Any CPU = Release|Any CPU
	EndGlobalSection
	GlobalSection(ProjectConfigurationPlatforms) = postSolution
		{DCA1956E-025A-49C9-B6B2-47D1240FE0A0}.Debug|Any CPU.ActiveCfg = Debug|Any CPU
		{DCA1956E-025A-49C9-B6B2-47D1240FE0A0}.Debug|Any CPU.Build.0 = Debug|Any CPU
		{DCA1956E-025A-49C9-B6B2-47D1240FE0A0}.Release|Any CPU.ActiveCfg = Release|Any CPU
		{DCA1956E-025A-49C9-B6B2-47D1240FE0A0}.Release|Any CPU.Build.0 = Release|Any CPU
		{BA2D0A4B-B970-4D39-A571-EBDC1570209D}.Debug|Any CPU.ActiveCfg = Debug|Any CPU
		{BA2D0A4B-B970-4D39-A571-EBDC1570209D}.Debug|Any CPU.Build.0 = Debug|Any CPU
		{BA2D0A4B-B970-4D39-A571-EBDC1570209D}.Release|Any CPU.ActiveCfg = Release|Any CPU
		{BA2D0A4B-B970-4D39-A571-EBDC1570209D}.Release|Any CPU.Build.0 = Release|Any CPU
	EndGlobalSection
	GlobalSection(SolutionProperties) = preSolution
		HideSolutionNode = FALSE
	EndGlobalSection
EndGlobal
